
Microsoft Visual Studio Solution File, Format Version 12.00
# Visual Studio Version 17
VisualStudioVersion = 17.3.32811.315
MinimumVisualStudioVersion = 10.0.40219.1
Project("{FAE04EC0-301F-11D3-BF4B-00C04F79EFBC}") = "KitchenBuddy", "KitchenBuddy\KitchenBuddy.csproj", "{F4B7A06B-2625-4566-8BCD-B8CC5912EC99}"
EndProject
Global
	GlobalSection(SolutionConfigurationPlatforms) = preSolution
		Debug|Any CPU = Debug|Any CPU
		Release|Any CPU = Release|Any CPU
	EndGlobalSection
	GlobalSection(ProjectConfigurationPlatforms) = postSolution
		{F4B7A06B-2625-4566-8BCD-B8CC5912EC99}.Debug|Any CPU.ActiveCfg = Debug|Any CPU
		{F4B7A06B-2625-4566-8BCD-B8CC5912EC99}.Debug|Any CPU.Build.0 = Debug|Any CPU
		{F4B7A06B-2625-4566-8BCD-B8CC5912EC99}.Release|Any CPU.ActiveCfg = Release|Any CPU
		{F4B7A06B-2625-4566-8BCD-B8CC5912EC99}.Release|Any CPU.Build.0 = Release|Any CPU
	EndGlobalSection
	GlobalSection(SolutionProperties) = preSolution
		HideSolutionNode = FALSE
	EndGlobalSection
	GlobalSection(ExtensibilityGlobals) = postSolution
		SolutionGuid = {CE4834FC-8D41-4233-802F-A08539F368AD}
	EndGlobalSection
EndGlobal
